// !$*UTF8*$!
{
	archiveVersion = 1;
	classes = {
	};
	objectVersion = 46;
	objects = {

/* Begin PBXBuildFile section */
		2F17DC311B14F69100B4A96B /* AppDelegate.swift in Sources */ = {isa = PBXBuildFile; fileRef = 2F17DC301B14F69100B4A96B /* AppDelegate.swift */; };
		2F17DC351B14F69100B4A96B /* GameScene.swift in Sources */ = {isa = PBXBuildFile; fileRef = 2F17DC341B14F69100B4A96B /* GameScene.swift */; };
		2F17DC371B14F69100B4A96B /* GameViewController.swift in Sources */ = {isa = PBXBuildFile; fileRef = 2F17DC361B14F69100B4A96B /* GameViewController.swift */; };
		2F17DC3A1B14F69100B4A96B /* Main.storyboard in Resources */ = {isa = PBXBuildFile; fileRef = 2F17DC381B14F69100B4A96B /* Main.storyboard */; };
		2F17DC3C1B14F69100B4A96B /* Images.xcassets in Resources */ = {isa = PBXBuildFile; fileRef = 2F17DC3B1B14F69100B4A96B /* Images.xcassets */; };
		2F17DC3F1B14F69100B4A96B /* LaunchScreen.xib in Resources */ = {isa = PBXBuildFile; fileRef = 2F17DC3D1B14F69100B4A96B /* LaunchScreen.xib */; };
		2F17DC4B1B14F69100B4A96B /* SwiftrisTests.swift in Sources */ = {isa = PBXBuildFile; fileRef = 2F17DC4A1B14F69100B4A96B /* SwiftrisTests.swift */; };
		2F4574A71B16E849004747B0 /* Array2D.swift in Sources */ = {isa = PBXBuildFile; fileRef = 2F4574A61B16E849004747B0 /* Array2D.swift */; };
		2F50D7F31B2F535A00E75995 /* MainMenuController.swift in Sources */ = {isa = PBXBuildFile; fileRef = 2F50D7F21B2F535A00E75995 /* MainMenuController.swift */; };
		2F54CEE71B166FC40059A628 /* bomb.mp3 in Resources */ = {isa = PBXBuildFile; fileRef = 2F54CEE21B166FC40059A628 /* bomb.mp3 */; };
		2F54CEE81B166FC40059A628 /* drop.mp3 in Resources */ = {isa = PBXBuildFile; fileRef = 2F54CEE31B166FC40059A628 /* drop.mp3 */; };
		2F54CEE91B166FC40059A628 /* gameover.mp3 in Resources */ = {isa = PBXBuildFile; fileRef = 2F54CEE41B166FC40059A628 /* gameover.mp3 */; };
		2F54CEEA1B166FC40059A628 /* levelup.mp3 in Resources */ = {isa = PBXBuildFile; fileRef = 2F54CEE51B166FC40059A628 /* levelup.mp3 */; };
		2F54CEEB1B166FC40059A628 /* theme.mp3 in Resources */ = {isa = PBXBuildFile; fileRef = 2F54CEE61B166FC40059A628 /* theme.mp3 */; };
		2F54CEEF1B16701F0059A628 /* Sprites.atlas in Resources */ = {isa = PBXBuildFile; fileRef = 2F54CEEE1B16701F0059A628 /* Sprites.atlas */; };
		2F54CEF61B1670450059A628 /* background.png in Resources */ = {isa = PBXBuildFile; fileRef = 2F54CEF01B1670450059A628 /* background.png */; };
		2F54CEF71B1670450059A628 /* background@2x.png in Resources */ = {isa = PBXBuildFile; fileRef = 2F54CEF11B1670450059A628 /* background@2x.png */; };
		2F54CEF81B1670450059A628 /* gameboard.png in Resources */ = {isa = PBXBuildFile; fileRef = 2F54CEF21B1670450059A628 /* gameboard.png */; };
		2F54CEF91B1670450059A628 /* gameboard@2x.png in Resources */ = {isa = PBXBuildFile; fileRef = 2F54CEF31B1670450059A628 /* gameboard@2x.png */; };
		2F54CEFA1B1670450059A628 /* whitebg.png in Resources */ = {isa = PBXBuildFile; fileRef = 2F54CEF41B1670450059A628 /* whitebg.png */; };
		2F54CEFB1B1670450059A628 /* whitebg@2x.png in Resources */ = {isa = PBXBuildFile; fileRef = 2F54CEF51B1670450059A628 /* whitebg@2x.png */; };
		2F7F139A1B19CBC000FDBD5A /* Shape.swift in Sources */ = {isa = PBXBuildFile; fileRef = 2F7F13991B19CBC000FDBD5A /* Shape.swift */; };
		2F7F139C1B19F54000FDBD5A /* SquareShape.swift in Sources */ = {isa = PBXBuildFile; fileRef = 2F7F139B1B19F54000FDBD5A /* SquareShape.swift */; };
		2F7F13A01B1A032300FDBD5A /* TShape.swift in Sources */ = {isa = PBXBuildFile; fileRef = 2F7F139F1B1A032300FDBD5A /* TShape.swift */; };
		2F7F13A21B1A08D900FDBD5A /* LineShape.swift in Sources */ = {isa = PBXBuildFile; fileRef = 2F7F13A11B1A08D900FDBD5A /* LineShape.swift */; };
		2F7F13A41B1A0C0200FDBD5A /* LShape.swift in Sources */ = {isa = PBXBuildFile; fileRef = 2F7F13A31B1A0C0200FDBD5A /* LShape.swift */; };
		2F7F13A61B1A19DA00FDBD5A /* JShape.swift in Sources */ = {isa = PBXBuildFile; fileRef = 2F7F13A51B1A19DA00FDBD5A /* JShape.swift */; };
		2F7F13A81B1A1DA300FDBD5A /* SShape.swift in Sources */ = {isa = PBXBuildFile; fileRef = 2F7F13A71B1A1DA300FDBD5A /* SShape.swift */; };
		2F7F13AA1B1A214C00FDBD5A /* ZShape.swift in Sources */ = {isa = PBXBuildFile; fileRef = 2F7F13A91B1A214C00FDBD5A /* ZShape.swift */; };
		2F7F13AC1B1A372C00FDBD5A /* Swiftris.swift in Sources */ = {isa = PBXBuildFile; fileRef = 2F7F13AB1B1A372C00FDBD5A /* Swiftris.swift */; };
		2FD8B2EB1B1795D00034CEB7 /* Block.swift in Sources */ = {isa = PBXBuildFile; fileRef = 2FD8B2EA1B1795D00034CEB7 /* Block.swift */; };
/* End PBXBuildFile section */

/* Begin PBXContainerItemProxy section */
		2F17DC451B14F69100B4A96B /* PBXContainerItemProxy */ = {
			isa = PBXContainerItemProxy;
			containerPortal = 2F17DC231B14F69000B4A96B /* Project object */;
			proxyType = 1;
			remoteGlobalIDString = 2F17DC2A1B14F69000B4A96B;
			remoteInfo = Swiftris;
		};
/* End PBXContainerItemProxy section */

/* Begin PBXFileReference section */
		2F17DC2B1B14F69100B4A96B /* Swiftris.app */ = {isa = PBXFileReference; explicitFileType = wrapper.application; includeInIndex = 0; path = Swiftris.app; sourceTree = BUILT_PRODUCTS_DIR; };
		2F17DC2F1B14F69100B4A96B /* Info.plist */ = {isa = PBXFileReference; lastKnownFileType = text.plist.xml; path = Info.plist; sourceTree = "<group>"; };
		2F17DC301B14F69100B4A96B /* AppDelegate.swift */ = {isa = PBXFileReference; lastKnownFileType = sourcecode.swift; path = AppDelegate.swift; sourceTree = "<group>"; };
		2F17DC341B14F69100B4A96B /* GameScene.swift */ = {isa = PBXFileReference; lastKnownFileType = sourcecode.swift; path = GameScene.swift; sourceTree = "<group>"; };
		2F17DC361B14F69100B4A96B /* GameViewController.swift */ = {isa = PBXFileReference; lastKnownFileType = sourcecode.swift; path = GameViewController.swift; sourceTree = "<group>"; };
		2F17DC391B14F69100B4A96B /* Base */ = {isa = PBXFileReference; lastKnownFileType = file.storyboard; name = Base; path = Base.lproj/Main.storyboard; sourceTree = "<group>"; };
		2F17DC3B1B14F69100B4A96B /* Images.xcassets */ = {isa = PBXFileReference; lastKnownFileType = folder.assetcatalog; path = Images.xcassets; sourceTree = "<group>"; };
		2F17DC3E1B14F69100B4A96B /* Base */ = {isa = PBXFileReference; lastKnownFileType = file.xib; name = Base; path = Base.lproj/LaunchScreen.xib; sourceTree = "<group>"; };
		2F17DC441B14F69100B4A96B /* SwiftrisTests.xctest */ = {isa = PBXFileReference; explicitFileType = wrapper.cfbundle; includeInIndex = 0; path = SwiftrisTests.xctest; sourceTree = BUILT_PRODUCTS_DIR; };
		2F17DC491B14F69100B4A96B /* Info.plist */ = {isa = PBXFileReference; lastKnownFileType = text.plist.xml; path = Info.plist; sourceTree = "<group>"; };
		2F17DC4A1B14F69100B4A96B /* SwiftrisTests.swift */ = {isa = PBXFileReference; lastKnownFileType = sourcecode.swift; path = SwiftrisTests.swift; sourceTree = "<group>"; };
		2F4574A61B16E849004747B0 /* Array2D.swift */ = {isa = PBXFileReference; fileEncoding = 4; lastKnownFileType = sourcecode.swift; path = Array2D.swift; sourceTree = "<group>"; };
		2F50D7F21B2F535A00E75995 /* MainMenuController.swift */ = {isa = PBXFileReference; fileEncoding = 4; lastKnownFileType = sourcecode.swift; path = MainMenuController.swift; sourceTree = "<group>"; };
		2F54CEE21B166FC40059A628 /* bomb.mp3 */ = {isa = PBXFileReference; lastKnownFileType = audio.mp3; path = bomb.mp3; sourceTree = "<group>"; };
		2F54CEE31B166FC40059A628 /* drop.mp3 */ = {isa = PBXFileReference; lastKnownFileType = audio.mp3; path = drop.mp3; sourceTree = "<group>"; };
		2F54CEE41B166FC40059A628 /* gameover.mp3 */ = {isa = PBXFileReference; lastKnownFileType = audio.mp3; path = gameover.mp3; sourceTree = "<group>"; };
		2F54CEE51B166FC40059A628 /* levelup.mp3 */ = {isa = PBXFileReference; lastKnownFileType = audio.mp3; path = levelup.mp3; sourceTree = "<group>"; };
		2F54CEE61B166FC40059A628 /* theme.mp3 */ = {isa = PBXFileReference; lastKnownFileType = audio.mp3; path = theme.mp3; sourceTree = "<group>"; };
		2F54CEEE1B16701F0059A628 /* Sprites.atlas */ = {isa = PBXFileReference; lastKnownFileType = folder.skatlas; path = Sprites.atlas; sourceTree = "<group>"; };
		2F54CEF01B1670450059A628 /* background.png */ = {isa = PBXFileReference; lastKnownFileType = image.png; path = background.png; sourceTree = "<group>"; };
		2F54CEF11B1670450059A628 /* background@2x.png */ = {isa = PBXFileReference; lastKnownFileType = image.png; path = "background@2x.png"; sourceTree = "<group>"; };
		2F54CEF21B1670450059A628 /* gameboard.png */ = {isa = PBXFileReference; lastKnownFileType = image.png; path = gameboard.png; sourceTree = "<group>"; };
		2F54CEF31B1670450059A628 /* gameboard@2x.png */ = {isa = PBXFileReference; lastKnownFileType = image.png; path = "gameboard@2x.png"; sourceTree = "<group>"; };
		2F54CEF41B1670450059A628 /* whitebg.png */ = {isa = PBXFileReference; lastKnownFileType = image.png; path = whitebg.png; sourceTree = "<group>"; };
		2F54CEF51B1670450059A628 /* whitebg@2x.png */ = {isa = PBXFileReference; lastKnownFileType = image.png; path = "whitebg@2x.png"; sourceTree = "<group>"; };
		2F7F13991B19CBC000FDBD5A /* Shape.swift */ = {isa = PBXFileReference; fileEncoding = 4; lastKnownFileType = sourcecode.swift; path = Shape.swift; sourceTree = "<group>"; };
		2F7F139B1B19F54000FDBD5A /* SquareShape.swift */ = {isa = PBXFileReference; fileEncoding = 4; lastKnownFileType = sourcecode.swift; path = SquareShape.swift; sourceTree = "<group>"; };
		2F7F139F1B1A032300FDBD5A /* TShape.swift */ = {isa = PBXFileReference; fileEncoding = 4; lastKnownFileType = sourcecode.swift; name = TShape.swift; path = ../TShape.swift; sourceTree = "<group>"; };
		2F7F13A11B1A08D900FDBD5A /* LineShape.swift */ = {isa = PBXFileReference; fileEncoding = 4; lastKnownFileType = sourcecode.swift; path = LineShape.swift; sourceTree = "<group>"; };
		2F7F13A31B1A0C0200FDBD5A /* LShape.swift */ = {isa = PBXFileReference; fileEncoding = 4; lastKnownFileType = sourcecode.swift; path = LShape.swift; sourceTree = "<group>"; };
		2F7F13A51B1A19DA00FDBD5A /* JShape.swift */ = {isa = PBXFileReference; fileEncoding = 4; lastKnownFileType = sourcecode.swift; path = JShape.swift; sourceTree = "<group>"; };
		2F7F13A71B1A1DA300FDBD5A /* SShape.swift */ = {isa = PBXFileReference; fileEncoding = 4; lastKnownFileType = sourcecode.swift; path = SShape.swift; sourceTree = "<group>"; };
		2F7F13A91B1A214C00FDBD5A /* ZShape.swift */ = {isa = PBXFileReference; fileEncoding = 4; lastKnownFileType = sourcecode.swift; path = ZShape.swift; sourceTree = "<group>"; };
		2F7F13AB1B1A372C00FDBD5A /* Swiftris.swift */ = {isa = PBXFileReference; fileEncoding = 4; lastKnownFileType = sourcecode.swift; path = Swiftris.swift; sourceTree = "<group>"; };
		2FD8B2EA1B1795D00034CEB7 /* Block.swift */ = {isa = PBXFileReference; fileEncoding = 4; lastKnownFileType = sourcecode.swift; name = Block.swift; path = ../Block.swift; sourceTree = "<group>"; };
/* End PBXFileReference section */

/* Begin PBXFrameworksBuildPhase section */
		2F17DC281B14F69000B4A96B /* Frameworks */ = {
			isa = PBXFrameworksBuildPhase;
			buildActionMask = 2147483647;
			files = (
			);
			runOnlyForDeploymentPostprocessing = 0;
		};
		2F17DC411B14F69100B4A96B /* Frameworks */ = {
			isa = PBXFrameworksBuildPhase;
			buildActionMask = 2147483647;
			files = (
			);
			runOnlyForDeploymentPostprocessing = 0;
		};
/* End PBXFrameworksBuildPhase section */

/* Begin PBXGroup section */
		2F17DC221B14F69000B4A96B = {
			isa = PBXGroup;
			children = (
				2F17DC2D1B14F69100B4A96B /* Swiftris */,
				2F17DC471B14F69100B4A96B /* SwiftrisTests */,
				2F17DC2C1B14F69100B4A96B /* Products */,
			);
			sourceTree = "<group>";
		};
		2F17DC2C1B14F69100B4A96B /* Products */ = {
			isa = PBXGroup;
			children = (
				2F17DC2B1B14F69100B4A96B /* Swiftris.app */,
				2F17DC441B14F69100B4A96B /* SwiftrisTests.xctest */,
			);
			name = Products;
			sourceTree = "<group>";
		};
		2F17DC2D1B14F69100B4A96B /* Swiftris */ = {
			isa = PBXGroup;
			children = (
				2F17DC301B14F69100B4A96B /* AppDelegate.swift */,
				2F7F13AB1B1A372C00FDBD5A /* Swiftris.swift */,
				2F17DC341B14F69100B4A96B /* GameScene.swift */,
				2F4574A61B16E849004747B0 /* Array2D.swift */,
				2FD8B2EA1B1795D00034CEB7 /* Block.swift */,
				2F7F13991B19CBC000FDBD5A /* Shape.swift */,
				2F7F139B1B19F54000FDBD5A /* SquareShape.swift */,
				2F7F139F1B1A032300FDBD5A /* TShape.swift */,
				2F7F13A11B1A08D900FDBD5A /* LineShape.swift */,
				2F7F13A31B1A0C0200FDBD5A /* LShape.swift */,
				2F7F13A51B1A19DA00FDBD5A /* JShape.swift */,
				2F7F13A71B1A1DA300FDBD5A /* SShape.swift */,
				2F7F13A91B1A214C00FDBD5A /* ZShape.swift */,
				2F17DC361B14F69100B4A96B /* GameViewController.swift */,
				2F50D7F21B2F535A00E75995 /* MainMenuController.swift */,
				2F17DC381B14F69100B4A96B /* Main.storyboard */,
				2F17DC3B1B14F69100B4A96B /* Images.xcassets */,
				2F17DC3D1B14F69100B4A96B /* LaunchScreen.xib */,
				2F54CEE11B166FC40059A628 /* Sounds */,
				2F54CEEE1B16701F0059A628 /* Sprites.atlas */,
				2F17DC2E1B14F69100B4A96B /* Supporting Files */,
			);
			path = Swiftris;
			sourceTree = "<group>";
		};
		2F17DC2E1B14F69100B4A96B /* Supporting Files */ = {
			isa = PBXGroup;
			children = (
				2F54CEF01B1670450059A628 /* background.png */,
				2F54CEF11B1670450059A628 /* background@2x.png */,
				2F54CEF21B1670450059A628 /* gameboard.png */,
				2F54CEF31B1670450059A628 /* gameboard@2x.png */,
				2F54CEF41B1670450059A628 /* whitebg.png */,
				2F54CEF51B1670450059A628 /* whitebg@2x.png */,
				2F17DC2F1B14F69100B4A96B /* Info.plist */,
			);
			name = "Supporting Files";
			sourceTree = "<group>";
		};
		2F17DC471B14F69100B4A96B /* SwiftrisTests */ = {
			isa = PBXGroup;
			children = (
				2F17DC4A1B14F69100B4A96B /* SwiftrisTests.swift */,
				2F17DC481B14F69100B4A96B /* Supporting Files */,
			);
			path = SwiftrisTests;
			sourceTree = "<group>";
		};
		2F17DC481B14F69100B4A96B /* Supporting Files */ = {
			isa = PBXGroup;
			children = (
				2F17DC491B14F69100B4A96B /* Info.plist */,
			);
			name = "Supporting Files";
			sourceTree = "<group>";
		};
		2F54CEE11B166FC40059A628 /* Sounds */ = {
			isa = PBXGroup;
			children = (
				2F54CEE21B166FC40059A628 /* bomb.mp3 */,
				2F54CEE31B166FC40059A628 /* drop.mp3 */,
				2F54CEE41B166FC40059A628 /* gameover.mp3 */,
				2F54CEE51B166FC40059A628 /* levelup.mp3 */,
				2F54CEE61B166FC40059A628 /* theme.mp3 */,
			);
			path = Sounds;
			sourceTree = "<group>";
		};
/* End PBXGroup section */

/* Begin PBXNativeTarget section */
		2F17DC2A1B14F69000B4A96B /* Swiftris */ = {
			isa = PBXNativeTarget;
			buildConfigurationList = 2F17DC4E1B14F69100B4A96B /* Build configuration list for PBXNativeTarget "Swiftris" */;
			buildPhases = (
				2F17DC271B14F69000B4A96B /* Sources */,
				2F17DC281B14F69000B4A96B /* Frameworks */,
				2F17DC291B14F69000B4A96B /* Resources */,
			);
			buildRules = (
			);
			dependencies = (
			);
			name = Swiftris;
			productName = Swiftris;
			productReference = 2F17DC2B1B14F69100B4A96B /* Swiftris.app */;
			productType = "com.apple.product-type.application";
		};
		2F17DC431B14F69100B4A96B /* SwiftrisTests */ = {
			isa = PBXNativeTarget;
			buildConfigurationList = 2F17DC511B14F69100B4A96B /* Build configuration list for PBXNativeTarget "SwiftrisTests" */;
			buildPhases = (
				2F17DC401B14F69100B4A96B /* Sources */,
				2F17DC411B14F69100B4A96B /* Frameworks */,
				2F17DC421B14F69100B4A96B /* Resources */,
			);
			buildRules = (
			);
			dependencies = (
				2F17DC461B14F69100B4A96B /* PBXTargetDependency */,
			);
			name = SwiftrisTests;
			productName = SwiftrisTests;
			productReference = 2F17DC441B14F69100B4A96B /* SwiftrisTests.xctest */;
			productType = "com.apple.product-type.bundle.unit-test";
		};
/* End PBXNativeTarget section */

/* Begin PBXProject section */
		2F17DC231B14F69000B4A96B /* Project object */ = {
			isa = PBXProject;
			attributes = {
				LastUpgradeCheck = 0630;
				ORGANIZATIONNAME = "Tin Bear Studios";
				TargetAttributes = {
					2F17DC2A1B14F69000B4A96B = {
						CreatedOnToolsVersion = 6.3.2;
					};
					2F17DC431B14F69100B4A96B = {
						CreatedOnToolsVersion = 6.3.2;
						TestTargetID = 2F17DC2A1B14F69000B4A96B;
					};
				};
			};
			buildConfigurationList = 2F17DC261B14F69000B4A96B /* Build configuration list for PBXProject "Swiftris" */;
			compatibilityVersion = "Xcode 3.2";
			developmentRegion = English;
			hasScannedForEncodings = 0;
			knownRegions = (
				en,
				Base,
			);
			mainGroup = 2F17DC221B14F69000B4A96B;
			productRefGroup = 2F17DC2C1B14F69100B4A96B /* Products */;
			projectDirPath = "";
			projectRoot = "";
			targets = (
				2F17DC2A1B14F69000B4A96B /* Swiftris */,
				2F17DC431B14F69100B4A96B /* SwiftrisTests */,
			);
		};
/* End PBXProject section */

/* Begin PBXResourcesBuildPhase section */
		2F17DC291B14F69000B4A96B /* Resources */ = {
			isa = PBXResourcesBuildPhase;
			buildActionMask = 2147483647;
			files = (
				2F17DC3F1B14F69100B4A96B /* LaunchScreen.xib in Resources */,
				2F54CEF71B1670450059A628 /* background@2x.png in Resources */,
				2F54CEFA1B1670450059A628 /* whitebg.png in Resources */,
				2F54CEF91B1670450059A628 /* gameboard@2x.png in Resources */,
				2F54CEF81B1670450059A628 /* gameboard.png in Resources */,
				2F54CEF61B1670450059A628 /* background.png in Resources */,
				2F54CEE81B166FC40059A628 /* drop.mp3 in Resources */,
				2F54CEFB1B1670450059A628 /* whitebg@2x.png in Resources */,
				2F54CEEB1B166FC40059A628 /* theme.mp3 in Resources */,
				2F54CEE91B166FC40059A628 /* gameover.mp3 in Resources */,
				2F17DC3C1B14F69100B4A96B /* Images.xcassets in Resources */,
				2F54CEEA1B166FC40059A628 /* levelup.mp3 in Resources */,
				2F54CEEF1B16701F0059A628 /* Sprites.atlas in Resources */,
				2F54CEE71B166FC40059A628 /* bomb.mp3 in Resources */,
				2F17DC3A1B14F69100B4A96B /* Main.storyboard in Resources */,
			);
			runOnlyForDeploymentPostprocessing = 0;
		};
		2F17DC421B14F69100B4A96B /* Resources */ = {
			isa = PBXResourcesBuildPhase;
			buildActionMask = 2147483647;
			files = (
			);
			runOnlyForDeploymentPostprocessing = 0;
		};
/* End PBXResourcesBuildPhase section */

/* Begin PBXSourcesBuildPhase section */
		2F17DC271B14F69000B4A96B /* Sources */ = {
			isa = PBXSourcesBuildPhase;
			buildActionMask = 2147483647;
			files = (
				2F7F13A41B1A0C0200FDBD5A /* LShape.swift in Sources */,
				2F7F139C1B19F54000FDBD5A /* SquareShape.swift in Sources */,
				2F17DC351B14F69100B4A96B /* GameScene.swift in Sources */,
				2F7F13A61B1A19DA00FDBD5A /* JShape.swift in Sources */,
				2F7F13AC1B1A372C00FDBD5A /* Swiftris.swift in Sources */,
				2F7F139A1B19CBC000FDBD5A /* Shape.swift in Sources */,
				2F4574A71B16E849004747B0 /* Array2D.swift in Sources */,
				2F7F13A21B1A08D900FDBD5A /* LineShape.swift in Sources */,
				2F7F13A81B1A1DA300FDBD5A /* SShape.swift in Sources */,
				2F7F13A01B1A032300FDBD5A /* TShape.swift in Sources */,
				2FD8B2EB1B1795D00034CEB7 /* Block.swift in Sources */,
				2F17DC371B14F69100B4A96B /* GameViewController.swift in Sources */,
				2F7F13AA1B1A214C00FDBD5A /* ZShape.swift in Sources */,
				2F17DC311B14F69100B4A96B /* AppDelegate.swift in Sources */,
				2F50D7F31B2F535A00E75995 /* MainMenuController.swift in Sources */,
			);
			runOnlyForDeploymentPostprocessing = 0;
		};
		2F17DC401B14F69100B4A96B /* Sources */ = {
			isa = PBXSourcesBuildPhase;
			buildActionMask = 2147483647;
			files = (
				2F17DC4B1B14F69100B4A96B /* SwiftrisTests.swift in Sources */,
			);
			runOnlyForDeploymentPostprocessing = 0;
		};
/* End PBXSourcesBuildPhase section */

/* Begin PBXTargetDependency section */
		2F17DC461B14F69100B4A96B /* PBXTargetDependency */ = {
			isa = PBXTargetDependency;
			target = 2F17DC2A1B14F69000B4A96B /* Swiftris */;
			targetProxy = 2F17DC451B14F69100B4A96B /* PBXContainerItemProxy */;
		};
/* End PBXTargetDependency section */

/* Begin PBXVariantGroup section */
		2F17DC381B14F69100B4A96B /* Main.storyboard */ = {
			isa = PBXVariantGroup;
			children = (
				2F17DC391B14F69100B4A96B /* Base */,
			);
			name = Main.storyboard;
			sourceTree = "<group>";
		};
		2F17DC3D1B14F69100B4A96B /* LaunchScreen.xib */ = {
			isa = PBXVariantGroup;
			children = (
				2F17DC3E1B14F69100B4A96B /* Base */,
			);
			name = LaunchScreen.xib;
			sourceTree = "<group>";
		};
/* End PBXVariantGroup section */

/* Begin XCBuildConfiguration section */
		2F17DC4C1B14F69100B4A96B /* Debug */ = {
			isa = XCBuildConfiguration;
			buildSettings = {
				ALWAYS_SEARCH_USER_PATHS = NO;
				CLANG_CXX_LANGUAGE_STANDARD = "gnu++0x";
				CLANG_CXX_LIBRARY = "libc++";
				CLANG_ENABLE_MODULES = YES;
				CLANG_ENABLE_OBJC_ARC = YES;
				CLANG_WARN_BOOL_CONVERSION = YES;
				CLANG_WARN_CONSTANT_CONVERSION = YES;
				CLANG_WARN_DIRECT_OBJC_ISA_USAGE = YES_ERROR;
				CLANG_WARN_EMPTY_BODY = YES;
				CLANG_WARN_ENUM_CONVERSION = YES;
				CLANG_WARN_INT_CONVERSION = YES;
				CLANG_WARN_OBJC_ROOT_CLASS = YES_ERROR;
				CLANG_WARN_UNREACHABLE_CODE = YES;
				CLANG_WARN__DUPLICATE_METHOD_MATCH = YES;
				"CODE_SIGN_IDENTITY[sdk=iphoneos*]" = "iPhone Developer";
				COPY_PHASE_STRIP = NO;
				DEBUG_INFORMATION_FORMAT = "dwarf-with-dsym";
				ENABLE_STRICT_OBJC_MSGSEND = YES;
				GCC_C_LANGUAGE_STANDARD = gnu99;
				GCC_DYNAMIC_NO_PIC = NO;
				GCC_NO_COMMON_BLOCKS = YES;
				GCC_OPTIMIZATION_LEVEL = 0;
				GCC_PREPROCESSOR_DEFINITIONS = (
					"DEBUG=1",
					"$(inherited)",
				);
				GCC_SYMBOLS_PRIVATE_EXTERN = NO;
				GCC_WARN_64_TO_32_BIT_CONVERSION = YES;
				GCC_WARN_ABOUT_RETURN_TYPE = YES_ERROR;
				GCC_WARN_UNDECLARED_SELECTOR = YES;
				GCC_WARN_UNINITIALIZED_AUTOS = YES_AGGRESSIVE;
				GCC_WARN_UNUSED_FUNCTION = YES;
				GCC_WARN_UNUSED_VARIABLE = YES;
				IPHONEOS_DEPLOYMENT_TARGET = 8.3;
				MTL_ENABLE_DEBUG_INFO = YES;
				ONLY_ACTIVE_ARCH = YES;
				SDKROOT = iphoneos;
				SWIFT_OPTIMIZATION_LEVEL = "-Onone";
			};
			name = Debug;
		};
		2F17DC4D1B14F69100B4A96B /* Release */ = {
			isa = XCBuildConfiguration;
			buildSettings = {
				ALWAYS_SEARCH_USER_PATHS = NO;
				CLANG_CXX_LANGUAGE_STANDARD = "gnu++0x";
				CLANG_CXX_LIBRARY = "libc++";
				CLANG_ENABLE_MODULES = YES;
				CLANG_ENABLE_OBJC_ARC = YES;
				CLANG_WARN_BOOL_CONVERSION = YES;
				CLANG_WARN_CONSTANT_CONVERSION = YES;
				CLANG_WARN_DIRECT_OBJC_ISA_USAGE = YES_ERROR;
				CLANG_WARN_EMPTY_BODY = YES;
				CLANG_WARN_ENUM_CONVERSION = YES;
				CLANG_WARN_INT_CONVERSION = YES;
				CLANG_WARN_OBJC_ROOT_CLASS = YES_ERROR;
				CLANG_WARN_UNREACHABLE_CODE = YES;
				CLANG_WARN__DUPLICATE_METHOD_MATCH = YES;
				"CODE_SIGN_IDENTITY[sdk=iphoneos*]" = "iPhone Developer";
				COPY_PHASE_STRIP = NO;
				DEBUG_INFORMATION_FORMAT = "dwarf-with-dsym";
				ENABLE_NS_ASSERTIONS = NO;
				ENABLE_STRICT_OBJC_MSGSEND = YES;
				GCC_C_LANGUAGE_STANDARD = gnu99;
				GCC_NO_COMMON_BLOCKS = YES;
				GCC_WARN_64_TO_32_BIT_CONVERSION = YES;
				GCC_WARN_ABOUT_RETURN_TYPE = YES_ERROR;
				GCC_WARN_UNDECLARED_SELECTOR = YES;
				GCC_WARN_UNINITIALIZED_AUTOS = YES_AGGRESSIVE;
				GCC_WARN_UNUSED_FUNCTION = YES;
				GCC_WARN_UNUSED_VARIABLE = YES;
				IPHONEOS_DEPLOYMENT_TARGET = 8.3;
				MTL_ENABLE_DEBUG_INFO = NO;
				SDKROOT = iphoneos;
				VALIDATE_PRODUCT = YES;
			};
			name = Release;
		};
		2F17DC4F1B14F69100B4A96B /* Debug */ = {
			isa = XCBuildConfiguration;
			buildSettings = {
				ASSETCATALOG_COMPILER_APPICON_NAME = AppIcon;
				INFOPLIST_FILE = Swiftris/Info.plist;
				LD_RUNPATH_SEARCH_PATHS = "$(inherited) @executable_path/Frameworks";
				PRODUCT_NAME = "$(TARGET_NAME)";
			};
			name = Debug;
		};
		2F17DC501B14F69100B4A96B /* Release */ = {
			isa = XCBuildConfiguration;
			buildSettings = {
				ASSETCATALOG_COMPILER_APPICON_NAME = AppIcon;
				INFOPLIST_FILE = Swiftris/Info.plist;
				LD_RUNPATH_SEARCH_PATHS = "$(inherited) @executable_path/Frameworks";
				PRODUCT_NAME = "$(TARGET_NAME)";
			};
			name = Release;
		};
		2F17DC521B14F69100B4A96B /* Debug */ = {
			isa = XCBuildConfiguration;
			buildSettings = {
				BUNDLE_LOADER = "$(TEST_HOST)";
				FRAMEWORK_SEARCH_PATHS = (
					"$(SDKROOT)/Developer/Library/Frameworks",
					"$(inherited)",
				);
				GCC_PREPROCESSOR_DEFINITIONS = (
					"DEBUG=1",
					"$(inherited)",
				);
				INFOPLIST_FILE = SwiftrisTests/Info.plist;
				LD_RUNPATH_SEARCH_PATHS = "$(inherited) @executable_path/Frameworks @loader_path/Frameworks";
				PRODUCT_NAME = "$(TARGET_NAME)";
				TEST_HOST = "$(BUILT_PRODUCTS_DIR)/Swiftris.app/Swiftris";
			};
			name = Debug;
		};
		2F17DC531B14F69100B4A96B /* Release */ = {
			isa = XCBuildConfiguration;
			buildSettings = {
				BUNDLE_LOADER = "$(TEST_HOST)";
				FRAMEWORK_SEARCH_PATHS = (
					"$(SDKROOT)/Developer/Library/Frameworks",
					"$(inherited)",
				);
				INFOPLIST_FILE = SwiftrisTests/Info.plist;
				LD_RUNPATH_SEARCH_PATHS = "$(inherited) @executable_path/Frameworks @loader_path/Frameworks";
				PRODUCT_NAME = "$(TARGET_NAME)";
				TEST_HOST = "$(BUILT_PRODUCTS_DIR)/Swiftris.app/Swiftris";
			};
			name = Release;
		};
/* End XCBuildConfiguration section */

/* Begin XCConfigurationList section */
		2F17DC261B14F69000B4A96B /* Build configuration list for PBXProject "Swiftris" */ = {
			isa = XCConfigurationList;
			buildConfigurations = (
				2F17DC4C1B14F69100B4A96B /* Debug */,
				2F17DC4D1B14F69100B4A96B /* Release */,
			);
			defaultConfigurationIsVisible = 0;
			defaultConfigurationName = Release;
		};
		2F17DC4E1B14F69100B4A96B /* Build configuration list for PBXNativeTarget "Swiftris" */ = {
			isa = XCConfigurationList;
			buildConfigurations = (
				2F17DC4F1B14F69100B4A96B /* Debug */,
				2F17DC501B14F69100B4A96B /* Release */,
			);
			defaultConfigurationIsVisible = 0;
			defaultConfigurationName = Release;
		};
		2F17DC511B14F69100B4A96B /* Build configuration list for PBXNativeTarget "SwiftrisTests" */ = {
			isa = XCConfigurationList;
			buildConfigurations = (
				2F17DC521B14F69100B4A96B /* Debug */,
				2F17DC531B14F69100B4A96B /* Release */,
			);
			defaultConfigurationIsVisible = 0;
			defaultConfigurationName = Release;
		};
/* End XCConfigurationList section */
	};
	rootObject = 2F17DC231B14F69000B4A96B /* Project object */;
}
